Microsoft Visual Studio Solution File, Format Version 11.00
# Visual Studio 2008

Project("{9B05F329-DC9D-B43D-94F6-C42EDEACAD70}") = "bomberman", "Assembly-CSharp.csproj", "{0605416F-4639-9601-6081-A0FF46EC2E0F}"
EndProject
Project("{9B05F329-DC9D-B43D-94F6-C42EDEACAD70}") = "bomberman", "Assembly-CSharp-Editor.csproj", "{F1E8377C-1F9A-3453-CD0B-16A66EF31F91}"
EndProject
Global
	GlobalSection(SolutionConfigurationPlatforms) = preSolution
		Debug|Any CPU = Debug|Any CPU
		Release|Any CPU = Release|Any CPU
	EndGlobalSection
	GlobalSection(ProjectConfigurationPlatforms) = postSolution
		{0605416F-4639-9601-6081-A0FF46EC2E0F}.Debug|Any CPU.ActiveCfg = Debug|Any CPU
		{0605416F-4639-9601-6081-A0FF46EC2E0F}.Debug|Any CPU.Build.0 = Debug|Any CPU
		{0605416F-4639-9601-6081-A0FF46EC2E0F}.Release|Any CPU.ActiveCfg = Release|Any CPU
		{0605416F-4639-9601-6081-A0FF46EC2E0F}.Release|Any CPU.Build.0 = Release|Any CPU
		{F1E8377C-1F9A-3453-CD0B-16A66EF31F91}.Debug|Any CPU.ActiveCfg = Debug|Any CPU
		{F1E8377C-1F9A-3453-CD0B-16A66EF31F91}.Debug|Any CPU.Build.0 = Debug|Any CPU
		{F1E8377C-1F9A-3453-CD0B-16A66EF31F91}.Release|Any CPU.ActiveCfg = Release|Any CPU
		{F1E8377C-1F9A-3453-CD0B-16A66EF31F91}.Release|Any CPU.Build.0 = Release|Any CPU
	EndGlobalSection
	GlobalSection(SolutionProperties) = preSolution
		HideSolutionNode = FALSE
	EndGlobalSection
	GlobalSection(MonoDevelopProperties) = preSolution
		StartupItem = Assembly-CSharp.csproj
	EndGlobalSection
EndGlobal
